
Microsoft Visual Studio Solution File, Format Version 12.00
# Visual Studio Version 17
VisualStudioVersion = 17.9.34723.18
MinimumVisualStudioVersion = 10.0.40219.1
Project("{FAE04EC0-301F-11D3-BF4B-00C04F79EFBC}") = "PlaidShirts", "PlaidShirts\PlaidShirts.csproj", "{4A421256-B1C7-41E4-98AC-248CE92FBAB2}"
EndProject
Project("{FAE04EC0-301F-11D3-BF4B-00C04F79EFBC}") = "Shop", "Shop\Shop.csproj", "{F2A19323-89EB-4527-8E8C-CA424143FC0D}"
EndProject
Project("{FAE04EC0-301F-11D3-BF4B-00C04F79EFBC}") = "ShopTest", "ShopTest\ShopTest.csproj", "{8E01F156-4AC0-43BF-A884-64E23A376D5C}"
EndProject
Global
	GlobalSection(SolutionConfigurationPlatforms) = preSolution
		Debug|Any CPU = Debug|Any CPU
		Release|Any CPU = Release|Any CPU
	EndGlobalSection
	GlobalSection(ProjectConfigurationPlatforms) = postSolution
		{4A421256-B1C7-41E4-98AC-248CE92FBAB2}.Debug|Any CPU.ActiveCfg = Debug|Any CPU
		{4A421256-B1C7-41E4-98AC-248CE92FBAB2}.Debug|Any CPU.Build.0 = Debug|Any CPU
		{4A421256-B1C7-41E4-98AC-248CE92FBAB2}.Release|Any CPU.ActiveCfg = Release|Any CPU
		{4A421256-B1C7-41E4-98AC-248CE92FBAB2}.Release|Any CPU.Build.0 = Release|Any CPU
		{F2A19323-89EB-4527-8E8C-CA424143FC0D}.Debug|Any CPU.ActiveCfg = Debug|Any CPU
		{F2A19323-89EB-4527-8E8C-CA424143FC0D}.Debug|Any CPU.Build.0 = Debug|Any CPU
		{F2A19323-89EB-4527-8E8C-CA424143FC0D}.Release|Any CPU.ActiveCfg = Release|Any CPU
		{F2A19323-89EB-4527-8E8C-CA424143FC0D}.Release|Any CPU.Build.0 = Release|Any CPU
		{8E01F156-4AC0-43BF-A884-64E23A376D5C}.Debug|Any CPU.ActiveCfg = Debug|Any CPU
		{8E01F156-4AC0-43BF-A884-64E23A376D5C}.Debug|Any CPU.Build.0 = Debug|Any CPU
		{8E01F156-4AC0-43BF-A884-64E23A376D5C}.Release|Any CPU.ActiveCfg = Release|Any CPU
		{8E01F156-4AC0-43BF-A884-64E23A376D5C}.Release|Any CPU.Build.0 = Release|Any CPU
	EndGlobalSection
	GlobalSection(SolutionProperties) = preSolution
		HideSolutionNode = FALSE
	EndGlobalSection
	GlobalSection(ExtensibilityGlobals) = postSolution
		SolutionGuid = {7A454D8D-5F91-44AD-95BF-1A4FD40EA932}
	EndGlobalSection
EndGlobal
